
Microsoft Visual Studio Solution File, Format Version 12.00
# Visual Studio Version 17
VisualStudioVersion = 17.4.33103.184
MinimumVisualStudioVersion = 10.0.40219.1
Project("{8BC9CEB8-8B4A-11D0-8D11-00A0C91BC942}") = "Qt6JsonSerializer", "src\jsonserializer\Qt6JsonSerializer.vcxproj", "{17BEC49E-3613-39E0-9A34-92A8F3038453}"
EndProject
Project("{8BC9CEB8-8B4A-11D0-8D11-00A0C91BC942}") = "SampleQt6", "examples\jsonserializer\Sample\SampleQt6.vcxproj", "{594F8962-5E31-3699-AC17-E242B0B13557}"
EndProject
Global
	GlobalSection(SolutionConfigurationPlatforms) = preSolution
		Debug|x64 = Debug|x64
		Release|x64 = Release|x64
	EndGlobalSection
	GlobalSection(ProjectConfigurationPlatforms) = postSolution
		{17BEC49E-3613-39E0-9A34-92A8F3038453}.Debug|x64.ActiveCfg = Debug|x64
		{17BEC49E-3613-39E0-9A34-92A8F3038453}.Debug|x64.Build.0 = Debug|x64
		{17BEC49E-3613-39E0-9A34-92A8F3038453}.Release|x64.ActiveCfg = Release|x64
		{17BEC49E-3613-39E0-9A34-92A8F3038453}.Release|x64.Build.0 = Release|x64
		{594F8962-5E31-3699-AC17-E242B0B13557}.Debug|x64.ActiveCfg = Debug|x64
		{594F8962-5E31-3699-AC17-E242B0B13557}.Debug|x64.Build.0 = Debug|x64
		{594F8962-5E31-3699-AC17-E242B0B13557}.Release|x64.ActiveCfg = Release|x64
		{594F8962-5E31-3699-AC17-E242B0B13557}.Release|x64.Build.0 = Release|x64
	EndGlobalSection
	GlobalSection(SolutionProperties) = preSolution
		HideSolutionNode = FALSE
	EndGlobalSection
	GlobalSection(ExtensibilityGlobals) = postSolution
		SolutionGuid = {DA9FF66E-4E6A-4339-AE7C-2F952BCEFC5E}
	EndGlobalSection
EndGlobal
